// !$*UTF8*$!
{
	archiveVersion = 1;
	classes = {
	};
	objectVersion = 46;
	objects = {

/* Begin PBXBuildFile section */
		CC8DD24A1DC0DBDE00983D69 /* main.m in Sources */ = {isa = PBXBuildFile; fileRef = CC8DD2491DC0DBDE00983D69 /* main.m */; };
		CC8DD24D1DC0DBDE00983D69 /* AppDelegate.m in Sources */ = {isa = PBXBuildFile; fileRef = CC8DD24C1DC0DBDE00983D69 /* AppDelegate.m */; };
		CC8DD2551DC0DBDE00983D69 /* Assets.xcassets in Resources */ = {isa = PBXBuildFile; fileRef = CC8DD2541DC0DBDE00983D69 /* Assets.xcassets */; };
		CC8DD2581DC0DBDE00983D69 /* LaunchScreen.storyboard in Resources */ = {isa = PBXBuildFile; fileRef = CC8DD2561DC0DBDE00983D69 /* LaunchScreen.storyboard */; };
		CC8DD2611DC0DC8900983D69 /* BNRHypnosisterView.m in Sources */ = {isa = PBXBuildFile; fileRef = CC8DD2601DC0DC8900983D69 /* BNRHypnosisterView.m */; };
		CC8DD2641DC0DCF700983D69 /* BNRHypnosisViewController.m in Sources */ = {isa = PBXBuildFile; fileRef = CC8DD2631DC0DCF700983D69 /* BNRHypnosisViewController.m */; };
		CC8DD2671DC0E07B00983D69 /* BNRReminderViewController.m in Sources */ = {isa = PBXBuildFile; fileRef = CC8DD2661DC0E07B00983D69 /* BNRReminderViewController.m */; };
		CC8DD2691DC0E0C900983D69 /* BNRReminderViewController.xib in Resources */ = {isa = PBXBuildFile; fileRef = CC8DD2681DC0E0C900983D69 /* BNRReminderViewController.xib */; };
/* End PBXBuildFile section */

/* Begin PBXFileReference section */
		CC8DD2451DC0DBDE00983D69 /* HypnoNerd.app */ = {isa = PBXFileReference; explicitFileType = wrapper.application; includeInIndex = 0; path = HypnoNerd.app; sourceTree = BUILT_PRODUCTS_DIR; };
		CC8DD2491DC0DBDE00983D69 /* main.m */ = {isa = PBXFileReference; lastKnownFileType = sourcecode.c.objc; path = main.m; sourceTree = "<group>"; };
		CC8DD24B1DC0DBDE00983D69 /* AppDelegate.h */ = {isa = PBXFileReference; lastKnownFileType = sourcecode.c.h; path = AppDelegate.h; sourceTree = "<group>"; };
		CC8DD24C1DC0DBDE00983D69 /* AppDelegate.m */ = {isa = PBXFileReference; lastKnownFileType = sourcecode.c.objc; path = AppDelegate.m; sourceTree = "<group>"; };
		CC8DD2541DC0DBDE00983D69 /* Assets.xcassets */ = {isa = PBXFileReference; lastKnownFileType = folder.assetcatalog; path = Assets.xcassets; sourceTree = "<group>"; };
		CC8DD2571DC0DBDE00983D69 /* Base */ = {isa = PBXFileReference; lastKnownFileType = file.storyboard; name = Base; path = Base.lproj/LaunchScreen.storyboard; sourceTree = "<group>"; };
		CC8DD2591DC0DBDE00983D69 /* Info.plist */ = {isa = PBXFileReference; lastKnownFileType = text.plist.xml; path = Info.plist; sourceTree = "<group>"; };
		CC8DD25F1DC0DC8900983D69 /* BNRHypnosisterView.h */ = {isa = PBXFileReference; fileEncoding = 4; lastKnownFileType = sourcecode.c.h; path = BNRHypnosisterView.h; sourceTree = "<group>"; };
		CC8DD2601DC0DC8900983D69 /* BNRHypnosisterView.m */ = {isa = PBXFileReference; fileEncoding = 4; lastKnownFileType = sourcecode.c.objc; path = BNRHypnosisterView.m; sourceTree = "<group>"; };
		CC8DD2621DC0DCF700983D69 /* BNRHypnosisViewController.h */ = {isa = PBXFileReference; fileEncoding = 4; lastKnownFileType = sourcecode.c.h; path = BNRHypnosisViewController.h; sourceTree = "<group>"; };
		CC8DD2631DC0DCF700983D69 /* BNRHypnosisViewController.m */ = {isa = PBXFileReference; fileEncoding = 4; lastKnownFileType = sourcecode.c.objc; path = BNRHypnosisViewController.m; sourceTree = "<group>"; };
		CC8DD2651DC0E07B00983D69 /* BNRReminderViewController.h */ = {isa = PBXFileReference; fileEncoding = 4; lastKnownFileType = sourcecode.c.h; path = BNRReminderViewController.h; sourceTree = "<group>"; };
		CC8DD2661DC0E07B00983D69 /* BNRReminderViewController.m */ = {isa = PBXFileReference; fileEncoding = 4; lastKnownFileType = sourcecode.c.objc; path = BNRReminderViewController.m; sourceTree = "<group>"; };
		CC8DD2681DC0E0C900983D69 /* BNRReminderViewController.xib */ = {isa = PBXFileReference; fileEncoding = 4; lastKnownFileType = file.xib; path = BNRReminderViewController.xib; sourceTree = "<group>"; };
/* End PBXFileReference section */

/* Begin PBXFrameworksBuildPhase section */
		CC8DD2421DC0DBDE00983D69 /* Frameworks */ = {
			isa = PBXFrameworksBuildPhase;
			buildActionMask = 2147483647;
			files = (
			);
			runOnlyForDeploymentPostprocessing = 0;
		};
/* End PBXFrameworksBuildPhase section */

/* Begin PBXGroup section */
		CC8DD23C1DC0DBDE00983D69 = {
			isa = PBXGroup;
			children = (
				CC8DD2471DC0DBDE00983D69 /* HypnoNerd */,
				CC8DD2461DC0DBDE00983D69 /* Products */,
			);
			sourceTree = "<group>";
		};
		CC8DD2461DC0DBDE00983D69 /* Products */ = {
			isa = PBXGroup;
			children = (
				CC8DD2451DC0DBDE00983D69 /* HypnoNerd.app */,
			);
			name = Products;
			sourceTree = "<group>";
		};
		CC8DD2471DC0DBDE00983D69 /* HypnoNerd */ = {
			isa = PBXGroup;
			children = (
				CC8DD24B1DC0DBDE00983D69 /* AppDelegate.h */,
				CC8DD24C1DC0DBDE00983D69 /* AppDelegate.m */,
				CC8DD2621DC0DCF700983D69 /* BNRHypnosisViewController.h */,
				CC8DD2631DC0DCF700983D69 /* BNRHypnosisViewController.m */,
				CC8DD2651DC0E07B00983D69 /* BNRReminderViewController.h */,
				CC8DD2661DC0E07B00983D69 /* BNRReminderViewController.m */,
				CC8DD2681DC0E0C900983D69 /* BNRReminderViewController.xib */,
				CC8DD25F1DC0DC8900983D69 /* BNRHypnosisterView.h */,
				CC8DD2601DC0DC8900983D69 /* BNRHypnosisterView.m */,
				CC8DD2541DC0DBDE00983D69 /* Assets.xcassets */,
				CC8DD2561DC0DBDE00983D69 /* LaunchScreen.storyboard */,
				CC8DD2591DC0DBDE00983D69 /* Info.plist */,
				CC8DD2481DC0DBDE00983D69 /* Supporting Files */,
			);
			path = HypnoNerd;
			sourceTree = "<group>";
		};
		CC8DD2481DC0DBDE00983D69 /* Supporting Files */ = {
			isa = PBXGroup;
			children = (
				CC8DD2491DC0DBDE00983D69 /* main.m */,
			);
			name = "Supporting Files";
			sourceTree = "<group>";
		};
/* End PBXGroup section */

/* Begin PBXNativeTarget section */
		CC8DD2441DC0DBDE00983D69 /* HypnoNerd */ = {
			isa = PBXNativeTarget;
			buildConfigurationList = CC8DD25C1DC0DBDE00983D69 /* Build configuration list for PBXNativeTarget "HypnoNerd" */;
			buildPhases = (
				CC8DD2411DC0DBDE00983D69 /* Sources */,
				CC8DD2421DC0DBDE00983D69 /* Frameworks */,
				CC8DD2431DC0DBDE00983D69 /* Resources */,
			);
			buildRules = (
			);
			dependencies = (
			);
			name = HypnoNerd;
			productName = HypnoNerd;
			productReference = CC8DD2451DC0DBDE00983D69 /* HypnoNerd.app */;
			productType = "com.apple.product-type.application";
		};
/* End PBXNativeTarget section */

/* Begin PBXProject section */
		CC8DD23D1DC0DBDE00983D69 /* Project object */ = {
			isa = PBXProject;
			attributes = {
				CLASSPREFIX = BNR;
				LastUpgradeCheck = 0800;
				ORGANIZATIONNAME = "王仕杰";
				TargetAttributes = {
					CC8DD2441DC0DBDE00983D69 = {
						CreatedOnToolsVersion = 8.0;
						ProvisioningStyle = Automatic;
					};
				};
			};
			buildConfigurationList = CC8DD2401DC0DBDE00983D69 /* Build configuration list for PBXProject "HypnoNerd" */;
			compatibilityVersion = "Xcode 3.2";
			developmentRegion = English;
			hasScannedForEncodings = 0;
			knownRegions = (
				en,
				Base,
			);
			mainGroup = CC8DD23C1DC0DBDE00983D69;
			productRefGroup = CC8DD2461DC0DBDE00983D69 /* Products */;
			projectDirPath = "";
			projectRoot = "";
			targets = (
				CC8DD2441DC0DBDE00983D69 /* HypnoNerd */,
			);
		};
/* End PBXProject section */

/* Begin PBXResourcesBuildPhase section */
		CC8DD2431DC0DBDE00983D69 /* Resources */ = {
			isa = PBXResourcesBuildPhase;
			buildActionMask = 2147483647;
			files = (
				CC8DD2691DC0E0C900983D69 /* BNRReminderViewController.xib in Resources */,
				CC8DD2581DC0DBDE00983D69 /* LaunchScreen.storyboard in Resources */,
				CC8DD2551DC0DBDE00983D69 /* Assets.xcassets in Resources */,
			);
			runOnlyForDeploymentPostprocessing = 0;
		};
/* End PBXResourcesBuildPhase section */

/* Begin PBXSourcesBuildPhase section */
		CC8DD2411DC0DBDE00983D69 /* Sources */ = {
			isa = PBXSourcesBuildPhase;
			buildActionMask = 2147483647;
			files = (
				CC8DD24D1DC0DBDE00983D69 /* AppDelegate.m in Sources */,
				CC8DD24A1DC0DBDE00983D69 /* main.m in Sources */,
				CC8DD2611DC0DC8900983D69 /* BNRHypnosisterView.m in Sources */,
				CC8DD2671DC0E07B00983D69 /* BNRReminderViewController.m in Sources */,
				CC8DD2641DC0DCF700983D69 /* BNRHypnosisViewController.m in Sources */,
			);
			runOnlyForDeploymentPostprocessing = 0;
		};
/* End PBXSourcesBuildPhase section */

/* Begin PBXVariantGroup section */
		CC8DD2561DC0DBDE00983D69 /* LaunchScreen.storyboard */ = {
			isa = PBXVariantGroup;
			children = (
				CC8DD2571DC0DBDE00983D69 /* Base */,
			);
			name = LaunchScreen.storyboard;
			sourceTree = "<group>";
		};
/* End PBXVariantGroup section */

/* Begin XCBuildConfiguration section */
		CC8DD25A1DC0DBDE00983D69 /* Debug */ = {
			isa = XCBuildConfiguration;
			buildSettings = {
				ALWAYS_SEARCH_USER_PATHS = NO;
				CLANG_ANALYZER_NONNULL = YES;
				CLANG_CXX_LANGUAGE_STANDARD = "gnu++0x";
				CLANG_CXX_LIBRARY = "libc++";
				CLANG_ENABLE_MODULES = YES;
				CLANG_ENABLE_OBJC_ARC = YES;
				CLANG_WARN_BOOL_CONVERSION = YES;
				CLANG_WARN_CONSTANT_CONVERSION = YES;
				CLANG_WARN_DIRECT_OBJC_ISA_USAGE = YES_ERROR;
				CLANG_WARN_DOCUMENTATION_COMMENTS = YES;
				CLANG_WARN_EMPTY_BODY = YES;
				CLANG_WARN_ENUM_CONVERSION = YES;
				CLANG_WARN_INFINITE_RECURSION = YES;
				CLANG_WARN_INT_CONVERSION = YES;
				CLANG_WARN_OBJC_ROOT_CLASS = YES_ERROR;
				CLANG_WARN_SUSPICIOUS_MOVES = YES;
				CLANG_WARN_UNREACHABLE_CODE = YES;
				CLANG_WARN__DUPLICATE_METHOD_MATCH = YES;
				"CODE_SIGN_IDENTITY[sdk=iphoneos*]" = "iPhone Developer";
				COPY_PHASE_STRIP = NO;
				DEBUG_INFORMATION_FORMAT = dwarf;
				ENABLE_STRICT_OBJC_MSGSEND = YES;
				ENABLE_TESTABILITY = YES;
				GCC_C_LANGUAGE_STANDARD = gnu99;
				GCC_DYNAMIC_NO_PIC = NO;
				GCC_NO_COMMON_BLOCKS = YES;
				GCC_OPTIMIZATION_LEVEL = 0;
				GCC_PREPROCESSOR_DEFINITIONS = (
					"DEBUG=1",
					"$(inherited)",
				);
				GCC_WARN_64_TO_32_BIT_CONVERSION = YES;
				GCC_WARN_ABOUT_RETURN_TYPE = YES_ERROR;
				GCC_WARN_UNDECLARED_SELECTOR = YES;
				GCC_WARN_UNINITIALIZED_AUTOS = YES_AGGRESSIVE;
				GCC_WARN_UNUSED_FUNCTION = YES;
				GCC_WARN_UNUSED_VARIABLE = YES;
				IPHONEOS_DEPLOYMENT_TARGET = 10.0;
				MTL_ENABLE_DEBUG_INFO = YES;
				ONLY_ACTIVE_ARCH = YES;
				SDKROOT = iphoneos;
				TARGETED_DEVICE_FAMILY = "1,2";
			};
			name = Debug;
		};
		CC8DD25B1DC0DBDE00983D69 /* Release */ = {
			isa = XCBuildConfiguration;
			buildSettings = {
				ALWAYS_SEARCH_USER_PATHS = NO;
				CLANG_ANALYZER_NONNULL = YES;
				CLANG_CXX_LANGUAGE_STANDARD = "gnu++0x";
				CLANG_CXX_LIBRARY = "libc++";
				CLANG_ENABLE_MODULES = YES;
				CLANG_ENABLE_OBJC_ARC = YES;
				CLANG_WARN_BOOL_CONVERSION = YES;
				CLANG_WARN_CONSTANT_CONVERSION = YES;
				CLANG_WARN_DIRECT_OBJC_ISA_USAGE = YES_ERROR;
				CLANG_WARN_DOCUMENTATION_COMMENTS = YES;
				CLANG_WARN_EMPTY_BODY = YES;
				CLANG_WARN_ENUM_CONVERSION = YES;
				CLANG_WARN_INFINITE_RECURSION = YES;
				CLANG_WARN_INT_CONVERSION = YES;
				CLANG_WARN_OBJC_ROOT_CLASS = YES_ERROR;
				CLANG_WARN_SUSPICIOUS_MOVES = YES;
				CLANG_WARN_UNREACHABLE_CODE = YES;
				CLANG_WARN__DUPLICATE_METHOD_MATCH = YES;
				"CODE_SIGN_IDENTITY[sdk=iphoneos*]" = "iPhone Developer";
				COPY_PHASE_STRIP = NO;
				DEBUG_INFORMATION_FORMAT = "dwarf-with-dsym";
				ENABLE_NS_ASSERTIONS = NO;
				ENABLE_STRICT_OBJC_MSGSEND = YES;
				GCC_C_LANGUAGE_STANDARD = gnu99;
				GCC_NO_COMMON_BLOCKS = YES;
				GCC_WARN_64_TO_32_BIT_CONVERSION = YES;
				GCC_WARN_ABOUT_RETURN_TYPE = YES_ERROR;
				GCC_WARN_UNDECLARED_SELECTOR = YES;
				GCC_WARN_UNINITIALIZED_AUTOS = YES_AGGRESSIVE;
				GCC_WARN_UNUSED_FUNCTION = YES;
				GCC_WARN_UNUSED_VARIABLE = YES;
				IPHONEOS_DEPLOYMENT_TARGET = 10.0;
				MTL_ENABLE_DEBUG_INFO = NO;
				SDKROOT = iphoneos;
				TARGETED_DEVICE_FAMILY = "1,2";
				VALIDATE_PRODUCT = YES;
			};
			name = Release;
		};
		CC8DD25D1DC0DBDE00983D69 /* Debug */ = {
			isa = XCBuildConfiguration;
			buildSettings = {
				ASSETCATALOG_COMPILER_APPICON_NAME = AppIcon;
				DEVELOPMENT_TEAM = "";
				INFOPLIST_FILE = HypnoNerd/Info.plist;
				LD_RUNPATH_SEARCH_PATHS = "$(inherited) @executable_path/Frameworks";
				PRODUCT_BUNDLE_IDENTIFIER = cn.wangshijie.HypnoNerd;
				PRODUCT_NAME = "$(TARGET_NAME)";
			};
			name = Debug;
		};
		CC8DD25E1DC0DBDE00983D69 /* Release */ = {
			isa = XCBuildConfiguration;
			buildSettings = {
				ASSETCATALOG_COMPILER_APPICON_NAME = AppIcon;
				DEVELOPMENT_TEAM = "";
				INFOPLIST_FILE = HypnoNerd/Info.plist;
				LD_RUNPATH_SEARCH_PATHS = "$(inherited) @executable_path/Frameworks";
				PRODUCT_BUNDLE_IDENTIFIER = cn.wangshijie.HypnoNerd;
				PRODUCT_NAME = "$(TARGET_NAME)";
			};
			name = Release;
		};
/* End XCBuildConfiguration section */

/* Begin XCConfigurationList section */
		CC8DD2401DC0DBDE00983D69 /* Build configuration list for PBXProject "HypnoNerd" */ = {
			isa = XCConfigurationList;
			buildConfigurations = (
				CC8DD25A1DC0DBDE00983D69 /* Debug */,
				CC8DD25B1DC0DBDE00983D69 /* Release */,
			);
			defaultConfigurationIsVisible = 0;
			defaultConfigurationName = Release;
		};
		CC8DD25C1DC0DBDE00983D69 /* Build configuration list for PBXNativeTarget "HypnoNerd" */ = {
			isa = XCConfigurationList;
			buildConfigurations = (
				CC8DD25D1DC0DBDE00983D69 /* Debug */,
				CC8DD25E1DC0DBDE00983D69 /* Release */,
			);
			defaultConfigurationIsVisible = 0;
		};
/* End XCConfigurationList section */
	};
	rootObject = CC8DD23D1DC0DBDE00983D69 /* Project object */;
}
