// !$*UTF8*$!
{
	archiveVersion = 1;
	classes = {
	};
	objectVersion = 46;
	objects = {

/* Begin PBXBuildFile section */
		CC6E987D1D1A7BF000895255 /* AppDelegate.swift in Sources */ = {isa = PBXBuildFile; fileRef = CC6E987C1D1A7BF000895255 /* AppDelegate.swift */; };
		CC6E987F1D1A7BF000895255 /* ViewController.swift in Sources */ = {isa = PBXBuildFile; fileRef = CC6E987E1D1A7BF000895255 /* ViewController.swift */; };
		CC6E98841D1A7BF000895255 /* Assets.xcassets in Resources */ = {isa = PBXBuildFile; fileRef = CC6E98831D1A7BF000895255 /* Assets.xcassets */; };
		CC6E98871D1A7BF000895255 /* LaunchScreen.storyboard in Resources */ = {isa = PBXBuildFile; fileRef = CC6E98851D1A7BF000895255 /* LaunchScreen.storyboard */; };
		CC6E988F1D1A7D2900895255 /* Generic.xib in Resources */ = {isa = PBXBuildFile; fileRef = CC6E988E1D1A7D2900895255 /* Generic.xib */; };
		CC6E98BA1D1AB4F900895255 /* OwnerViewController.swift in Sources */ = {isa = PBXBuildFile; fileRef = CC6E98B91D1AB4F900895255 /* OwnerViewController.swift */; };
		CC6E98BC1D1AB50400895255 /* Owner.xib in Resources */ = {isa = PBXBuildFile; fileRef = CC6E98BB1D1AB50400895255 /* Owner.xib */; };
		CC6E98BE1D1AB7E100895255 /* YellowView.swift in Sources */ = {isa = PBXBuildFile; fileRef = CC6E98BD1D1AB7E100895255 /* YellowView.swift */; };
/* End PBXBuildFile section */

/* Begin PBXFileReference section */
		CC6E98791D1A7BF000895255 /* XIBDemo.app */ = {isa = PBXFileReference; explicitFileType = wrapper.application; includeInIndex = 0; path = XIBDemo.app; sourceTree = BUILT_PRODUCTS_DIR; };
		CC6E987C1D1A7BF000895255 /* AppDelegate.swift */ = {isa = PBXFileReference; lastKnownFileType = sourcecode.swift; path = AppDelegate.swift; sourceTree = "<group>"; };
		CC6E987E1D1A7BF000895255 /* ViewController.swift */ = {isa = PBXFileReference; lastKnownFileType = sourcecode.swift; path = ViewController.swift; sourceTree = "<group>"; };
		CC6E98831D1A7BF000895255 /* Assets.xcassets */ = {isa = PBXFileReference; lastKnownFileType = folder.assetcatalog; path = Assets.xcassets; sourceTree = "<group>"; };
		CC6E98861D1A7BF000895255 /* Base */ = {isa = PBXFileReference; lastKnownFileType = file.storyboard; name = Base; path = Base.lproj/LaunchScreen.storyboard; sourceTree = "<group>"; };
		CC6E98881D1A7BF000895255 /* Info.plist */ = {isa = PBXFileReference; lastKnownFileType = text.plist.xml; path = Info.plist; sourceTree = "<group>"; };
		CC6E988E1D1A7D2900895255 /* Generic.xib */ = {isa = PBXFileReference; fileEncoding = 4; lastKnownFileType = file.xib; path = Generic.xib; sourceTree = "<group>"; };
		CC6E98B91D1AB4F900895255 /* OwnerViewController.swift */ = {isa = PBXFileReference; fileEncoding = 4; lastKnownFileType = sourcecode.swift; path = OwnerViewController.swift; sourceTree = "<group>"; };
		CC6E98BB1D1AB50400895255 /* Owner.xib */ = {isa = PBXFileReference; fileEncoding = 4; lastKnownFileType = file.xib; path = Owner.xib; sourceTree = "<group>"; };
		CC6E98BD1D1AB7E100895255 /* YellowView.swift */ = {isa = PBXFileReference; fileEncoding = 4; lastKnownFileType = sourcecode.swift; path = YellowView.swift; sourceTree = "<group>"; };
/* End PBXFileReference section */

/* Begin PBXFrameworksBuildPhase section */
		CC6E98761D1A7BF000895255 /* Frameworks */ = {
			isa = PBXFrameworksBuildPhase;
			buildActionMask = 2147483647;
			files = (
			);
			runOnlyForDeploymentPostprocessing = 0;
		};
/* End PBXFrameworksBuildPhase section */

/* Begin PBXGroup section */
		CC6E98701D1A7BF000895255 = {
			isa = PBXGroup;
			children = (
				CC6E987B1D1A7BF000895255 /* XIBDemo */,
				CC6E987A1D1A7BF000895255 /* Products */,
			);
			sourceTree = "<group>";
		};
		CC6E987A1D1A7BF000895255 /* Products */ = {
			isa = PBXGroup;
			children = (
				CC6E98791D1A7BF000895255 /* XIBDemo.app */,
			);
			name = Products;
			sourceTree = "<group>";
		};
		CC6E987B1D1A7BF000895255 /* XIBDemo */ = {
			isa = PBXGroup;
			children = (
				CC6E987C1D1A7BF000895255 /* AppDelegate.swift */,
				CC6E98B91D1AB4F900895255 /* OwnerViewController.swift */,
				CC6E98BB1D1AB50400895255 /* Owner.xib */,
				CC6E987E1D1A7BF000895255 /* ViewController.swift */,
				CC6E988E1D1A7D2900895255 /* Generic.xib */,
				CC6E98BD1D1AB7E100895255 /* YellowView.swift */,
				CC6E98831D1A7BF000895255 /* Assets.xcassets */,
				CC6E98851D1A7BF000895255 /* LaunchScreen.storyboard */,
				CC6E98881D1A7BF000895255 /* Info.plist */,
			);
			path = XIBDemo;
			sourceTree = "<group>";
		};
/* End PBXGroup section */

/* Begin PBXNativeTarget section */
		CC6E98781D1A7BF000895255 /* XIBDemo */ = {
			isa = PBXNativeTarget;
			buildConfigurationList = CC6E988B1D1A7BF000895255 /* Build configuration list for PBXNativeTarget "XIBDemo" */;
			buildPhases = (
				CC6E98751D1A7BF000895255 /* Sources */,
				CC6E98761D1A7BF000895255 /* Frameworks */,
				CC6E98771D1A7BF000895255 /* Resources */,
			);
			buildRules = (
			);
			dependencies = (
			);
			name = XIBDemo;
			productName = XIBDemo;
			productReference = CC6E98791D1A7BF000895255 /* XIBDemo.app */;
			productType = "com.apple.product-type.application";
		};
/* End PBXNativeTarget section */

/* Begin PBXProject section */
		CC6E98711D1A7BF000895255 /* Project object */ = {
			isa = PBXProject;
			attributes = {
				LastSwiftUpdateCheck = 0730;
				LastUpgradeCheck = 0730;
				ORGANIZATIONNAME = "王仕杰";
				TargetAttributes = {
					CC6E98781D1A7BF000895255 = {
						CreatedOnToolsVersion = 7.3.1;
						DevelopmentTeam = J84HL5BDK2;
					};
				};
			};
			buildConfigurationList = CC6E98741D1A7BF000895255 /* Build configuration list for PBXProject "XIBDemo" */;
			compatibilityVersion = "Xcode 3.2";
			developmentRegion = English;
			hasScannedForEncodings = 0;
			knownRegions = (
				en,
				Base,
			);
			mainGroup = CC6E98701D1A7BF000895255;
			productRefGroup = CC6E987A1D1A7BF000895255 /* Products */;
			projectDirPath = "";
			projectRoot = "";
			targets = (
				CC6E98781D1A7BF000895255 /* XIBDemo */,
			);
		};
/* End PBXProject section */

/* Begin PBXResourcesBuildPhase section */
		CC6E98771D1A7BF000895255 /* Resources */ = {
			isa = PBXResourcesBuildPhase;
			buildActionMask = 2147483647;
			files = (
				CC6E98871D1A7BF000895255 /* LaunchScreen.storyboard in Resources */,
				CC6E98BC1D1AB50400895255 /* Owner.xib in Resources */,
				CC6E988F1D1A7D2900895255 /* Generic.xib in Resources */,
				CC6E98841D1A7BF000895255 /* Assets.xcassets in Resources */,
			);
			runOnlyForDeploymentPostprocessing = 0;
		};
/* End PBXResourcesBuildPhase section */

/* Begin PBXSourcesBuildPhase section */
		CC6E98751D1A7BF000895255 /* Sources */ = {
			isa = PBXSourcesBuildPhase;
			buildActionMask = 2147483647;
			files = (
				CC6E98BA1D1AB4F900895255 /* OwnerViewController.swift in Sources */,
				CC6E987F1D1A7BF000895255 /* ViewController.swift in Sources */,
				CC6E98BE1D1AB7E100895255 /* YellowView.swift in Sources */,
				CC6E987D1D1A7BF000895255 /* AppDelegate.swift in Sources */,
			);
			runOnlyForDeploymentPostprocessing = 0;
		};
/* End PBXSourcesBuildPhase section */

/* Begin PBXVariantGroup section */
		CC6E98851D1A7BF000895255 /* LaunchScreen.storyboard */ = {
			isa = PBXVariantGroup;
			children = (
				CC6E98861D1A7BF000895255 /* Base */,
			);
			name = LaunchScreen.storyboard;
			sourceTree = "<group>";
		};
/* End PBXVariantGroup section */

/* Begin XCBuildConfiguration section */
		CC6E98891D1A7BF000895255 /* Debug */ = {
			isa = XCBuildConfiguration;
			buildSettings = {
				ALWAYS_SEARCH_USER_PATHS = NO;
				CLANG_ANALYZER_NONNULL = YES;
				CLANG_CXX_LANGUAGE_STANDARD = "gnu++0x";
				CLANG_CXX_LIBRARY = "libc++";
				CLANG_ENABLE_MODULES = YES;
				CLANG_ENABLE_OBJC_ARC = YES;
				CLANG_WARN_BOOL_CONVERSION = YES;
				CLANG_WARN_CONSTANT_CONVERSION = YES;
				CLANG_WARN_DIRECT_OBJC_ISA_USAGE = YES_ERROR;
				CLANG_WARN_EMPTY_BODY = YES;
				CLANG_WARN_ENUM_CONVERSION = YES;
				CLANG_WARN_INT_CONVERSION = YES;
				CLANG_WARN_OBJC_ROOT_CLASS = YES_ERROR;
				CLANG_WARN_UNREACHABLE_CODE = YES;
				CLANG_WARN__DUPLICATE_METHOD_MATCH = YES;
				"CODE_SIGN_IDENTITY[sdk=iphoneos*]" = "iPhone Developer";
				COPY_PHASE_STRIP = NO;
				DEBUG_INFORMATION_FORMAT = dwarf;
				ENABLE_STRICT_OBJC_MSGSEND = YES;
				ENABLE_TESTABILITY = YES;
				GCC_C_LANGUAGE_STANDARD = gnu99;
				GCC_DYNAMIC_NO_PIC = NO;
				GCC_NO_COMMON_BLOCKS = YES;
				GCC_OPTIMIZATION_LEVEL = 0;
				GCC_PREPROCESSOR_DEFINITIONS = (
					"DEBUG=1",
					"$(inherited)",
				);
				GCC_WARN_64_TO_32_BIT_CONVERSION = YES;
				GCC_WARN_ABOUT_RETURN_TYPE = YES_ERROR;
				GCC_WARN_UNDECLARED_SELECTOR = YES;
				GCC_WARN_UNINITIALIZED_AUTOS = YES_AGGRESSIVE;
				GCC_WARN_UNUSED_FUNCTION = YES;
				GCC_WARN_UNUSED_VARIABLE = YES;
				IPHONEOS_DEPLOYMENT_TARGET = 9.3;
				MTL_ENABLE_DEBUG_INFO = YES;
				ONLY_ACTIVE_ARCH = YES;
				SDKROOT = iphoneos;
				SWIFT_OPTIMIZATION_LEVEL = "-Onone";
				TARGETED_DEVICE_FAMILY = "1,2";
			};
			name = Debug;
		};
		CC6E988A1D1A7BF000895255 /* Release */ = {
			isa = XCBuildConfiguration;
			buildSettings = {
				ALWAYS_SEARCH_USER_PATHS = NO;
				CLANG_ANALYZER_NONNULL = YES;
				CLANG_CXX_LANGUAGE_STANDARD = "gnu++0x";
				CLANG_CXX_LIBRARY = "libc++";
				CLANG_ENABLE_MODULES = YES;
				CLANG_ENABLE_OBJC_ARC = YES;
				CLANG_WARN_BOOL_CONVERSION = YES;
				CLANG_WARN_CONSTANT_CONVERSION = YES;
				CLANG_WARN_DIRECT_OBJC_ISA_USAGE = YES_ERROR;
				CLANG_WARN_EMPTY_BODY = YES;
				CLANG_WARN_ENUM_CONVERSION = YES;
				CLANG_WARN_INT_CONVERSION = YES;
				CLANG_WARN_OBJC_ROOT_CLASS = YES_ERROR;
				CLANG_WARN_UNREACHABLE_CODE = YES;
				CLANG_WARN__DUPLICATE_METHOD_MATCH = YES;
				"CODE_SIGN_IDENTITY[sdk=iphoneos*]" = "iPhone Developer";
				COPY_PHASE_STRIP = NO;
				DEBUG_INFORMATION_FORMAT = "dwarf-with-dsym";
				ENABLE_NS_ASSERTIONS = NO;
				ENABLE_STRICT_OBJC_MSGSEND = YES;
				GCC_C_LANGUAGE_STANDARD = gnu99;
				GCC_NO_COMMON_BLOCKS = YES;
				GCC_WARN_64_TO_32_BIT_CONVERSION = YES;
				GCC_WARN_ABOUT_RETURN_TYPE = YES_ERROR;
				GCC_WARN_UNDECLARED_SELECTOR = YES;
				GCC_WARN_UNINITIALIZED_AUTOS = YES_AGGRESSIVE;
				GCC_WARN_UNUSED_FUNCTION = YES;
				GCC_WARN_UNUSED_VARIABLE = YES;
				IPHONEOS_DEPLOYMENT_TARGET = 9.3;
				MTL_ENABLE_DEBUG_INFO = NO;
				SDKROOT = iphoneos;
				TARGETED_DEVICE_FAMILY = "1,2";
				VALIDATE_PRODUCT = YES;
			};
			name = Release;
		};
		CC6E988C1D1A7BF000895255 /* Debug */ = {
			isa = XCBuildConfiguration;
			buildSettings = {
				ASSETCATALOG_COMPILER_APPICON_NAME = AppIcon;
				INFOPLIST_FILE = XIBDemo/Info.plist;
				LD_RUNPATH_SEARCH_PATHS = "$(inherited) @executable_path/Frameworks";
				PRODUCT_BUNDLE_IDENTIFIER = cn.edu.neu.wangshijie.XIBDemo;
				PRODUCT_NAME = "$(TARGET_NAME)";
			};
			name = Debug;
		};
		CC6E988D1D1A7BF000895255 /* Release */ = {
			isa = XCBuildConfiguration;
			buildSettings = {
				ASSETCATALOG_COMPILER_APPICON_NAME = AppIcon;
				INFOPLIST_FILE = XIBDemo/Info.plist;
				LD_RUNPATH_SEARCH_PATHS = "$(inherited) @executable_path/Frameworks";
				PRODUCT_BUNDLE_IDENTIFIER = cn.edu.neu.wangshijie.XIBDemo;
				PRODUCT_NAME = "$(TARGET_NAME)";
			};
			name = Release;
		};
/* End XCBuildConfiguration section */

/* Begin XCConfigurationList section */
		CC6E98741D1A7BF000895255 /* Build configuration list for PBXProject "XIBDemo" */ = {
			isa = XCConfigurationList;
			buildConfigurations = (
				CC6E98891D1A7BF000895255 /* Debug */,
				CC6E988A1D1A7BF000895255 /* Release */,
			);
			defaultConfigurationIsVisible = 0;
			defaultConfigurationName = Release;
		};
		CC6E988B1D1A7BF000895255 /* Build configuration list for PBXNativeTarget "XIBDemo" */ = {
			isa = XCConfigurationList;
			buildConfigurations = (
				CC6E988C1D1A7BF000895255 /* Debug */,
				CC6E988D1D1A7BF000895255 /* Release */,
			);
			defaultConfigurationIsVisible = 0;
			defaultConfigurationName = Release;
		};
/* End XCConfigurationList section */
	};
	rootObject = CC6E98711D1A7BF000895255 /* Project object */;
}
