// !$*UTF8*$!
{
	archiveVersion = 1;
	classes = {
	};
	objectVersion = 46;
	objects = {

/* Begin PBXBuildFile section */
		CCFF4B441D7E937C00FD73A4 /* AppDelegate.swift in Sources */ = {isa = PBXBuildFile; fileRef = CCFF4B431D7E937C00FD73A4 /* AppDelegate.swift */; };
		CCFF4B461D7E937C00FD73A4 /* ViewController.swift in Sources */ = {isa = PBXBuildFile; fileRef = CCFF4B451D7E937C00FD73A4 /* ViewController.swift */; };
		CCFF4B491D7E937C00FD73A4 /* Main.storyboard in Resources */ = {isa = PBXBuildFile; fileRef = CCFF4B471D7E937C00FD73A4 /* Main.storyboard */; };
		CCFF4B4B1D7E937C00FD73A4 /* Assets.xcassets in Resources */ = {isa = PBXBuildFile; fileRef = CCFF4B4A1D7E937C00FD73A4 /* Assets.xcassets */; };
		CCFF4B4E1D7E937C00FD73A4 /* LaunchScreen.storyboard in Resources */ = {isa = PBXBuildFile; fileRef = CCFF4B4C1D7E937C00FD73A4 /* LaunchScreen.storyboard */; };
/* End PBXBuildFile section */

/* Begin PBXFileReference section */
		CCFF4B401D7E937C00FD73A4 /* HandOff-iOS-macOS.app */ = {isa = PBXFileReference; explicitFileType = wrapper.application; includeInIndex = 0; path = "HandOff-iOS-macOS.app"; sourceTree = BUILT_PRODUCTS_DIR; };
		CCFF4B431D7E937C00FD73A4 /* AppDelegate.swift */ = {isa = PBXFileReference; lastKnownFileType = sourcecode.swift; path = AppDelegate.swift; sourceTree = "<group>"; };
		CCFF4B451D7E937C00FD73A4 /* ViewController.swift */ = {isa = PBXFileReference; lastKnownFileType = sourcecode.swift; path = ViewController.swift; sourceTree = "<group>"; };
		CCFF4B481D7E937C00FD73A4 /* Base */ = {isa = PBXFileReference; lastKnownFileType = file.storyboard; name = Base; path = Base.lproj/Main.storyboard; sourceTree = "<group>"; };
		CCFF4B4A1D7E937C00FD73A4 /* Assets.xcassets */ = {isa = PBXFileReference; lastKnownFileType = folder.assetcatalog; path = Assets.xcassets; sourceTree = "<group>"; };
		CCFF4B4D1D7E937C00FD73A4 /* Base */ = {isa = PBXFileReference; lastKnownFileType = file.storyboard; name = Base; path = Base.lproj/LaunchScreen.storyboard; sourceTree = "<group>"; };
		CCFF4B4F1D7E937C00FD73A4 /* Info.plist */ = {isa = PBXFileReference; lastKnownFileType = text.plist.xml; path = Info.plist; sourceTree = "<group>"; };
/* End PBXFileReference section */

/* Begin PBXFrameworksBuildPhase section */
		CCFF4B3D1D7E937C00FD73A4 /* Frameworks */ = {
			isa = PBXFrameworksBuildPhase;
			buildActionMask = 2147483647;
			files = (
			);
			runOnlyForDeploymentPostprocessing = 0;
		};
/* End PBXFrameworksBuildPhase section */

/* Begin PBXGroup section */
		CCFF4B371D7E937C00FD73A4 = {
			isa = PBXGroup;
			children = (
				CCFF4B421D7E937C00FD73A4 /* HandOff-iOS-macOS */,
				CCFF4B411D7E937C00FD73A4 /* Products */,
			);
			sourceTree = "<group>";
		};
		CCFF4B411D7E937C00FD73A4 /* Products */ = {
			isa = PBXGroup;
			children = (
				CCFF4B401D7E937C00FD73A4 /* HandOff-iOS-macOS.app */,
			);
			name = Products;
			sourceTree = "<group>";
		};
		CCFF4B421D7E937C00FD73A4 /* HandOff-iOS-macOS */ = {
			isa = PBXGroup;
			children = (
				CCFF4B431D7E937C00FD73A4 /* AppDelegate.swift */,
				CCFF4B451D7E937C00FD73A4 /* ViewController.swift */,
				CCFF4B471D7E937C00FD73A4 /* Main.storyboard */,
				CCFF4B4A1D7E937C00FD73A4 /* Assets.xcassets */,
				CCFF4B4C1D7E937C00FD73A4 /* LaunchScreen.storyboard */,
				CCFF4B4F1D7E937C00FD73A4 /* Info.plist */,
			);
			path = "HandOff-iOS-macOS";
			sourceTree = "<group>";
		};
/* End PBXGroup section */

/* Begin PBXNativeTarget section */
		CCFF4B3F1D7E937C00FD73A4 /* HandOff-iOS-macOS */ = {
			isa = PBXNativeTarget;
			buildConfigurationList = CCFF4B521D7E937C00FD73A4 /* Build configuration list for PBXNativeTarget "HandOff-iOS-macOS" */;
			buildPhases = (
				CCFF4B3C1D7E937C00FD73A4 /* Sources */,
				CCFF4B3D1D7E937C00FD73A4 /* Frameworks */,
				CCFF4B3E1D7E937C00FD73A4 /* Resources */,
			);
			buildRules = (
			);
			dependencies = (
			);
			name = "HandOff-iOS-macOS";
			productName = "HandOff-iOS-macOS";
			productReference = CCFF4B401D7E937C00FD73A4 /* HandOff-iOS-macOS.app */;
			productType = "com.apple.product-type.application";
		};
/* End PBXNativeTarget section */

/* Begin PBXProject section */
		CCFF4B381D7E937C00FD73A4 /* Project object */ = {
			isa = PBXProject;
			attributes = {
				LastSwiftUpdateCheck = 0730;
				LastUpgradeCheck = 0730;
				ORGANIZATIONNAME = "王仕杰";
				TargetAttributes = {
					CCFF4B3F1D7E937C00FD73A4 = {
						CreatedOnToolsVersion = 7.3.1;
					};
				};
			};
			buildConfigurationList = CCFF4B3B1D7E937C00FD73A4 /* Build configuration list for PBXProject "HandOff-iOS-macOS" */;
			compatibilityVersion = "Xcode 3.2";
			developmentRegion = English;
			hasScannedForEncodings = 0;
			knownRegions = (
				en,
				Base,
			);
			mainGroup = CCFF4B371D7E937C00FD73A4;
			productRefGroup = CCFF4B411D7E937C00FD73A4 /* Products */;
			projectDirPath = "";
			projectRoot = "";
			targets = (
				CCFF4B3F1D7E937C00FD73A4 /* HandOff-iOS-macOS */,
			);
		};
/* End PBXProject section */

/* Begin PBXResourcesBuildPhase section */
		CCFF4B3E1D7E937C00FD73A4 /* Resources */ = {
			isa = PBXResourcesBuildPhase;
			buildActionMask = 2147483647;
			files = (
				CCFF4B4E1D7E937C00FD73A4 /* LaunchScreen.storyboard in Resources */,
				CCFF4B4B1D7E937C00FD73A4 /* Assets.xcassets in Resources */,
				CCFF4B491D7E937C00FD73A4 /* Main.storyboard in Resources */,
			);
			runOnlyForDeploymentPostprocessing = 0;
		};
/* End PBXResourcesBuildPhase section */

/* Begin PBXSourcesBuildPhase section */
		CCFF4B3C1D7E937C00FD73A4 /* Sources */ = {
			isa = PBXSourcesBuildPhase;
			buildActionMask = 2147483647;
			files = (
				CCFF4B461D7E937C00FD73A4 /* ViewController.swift in Sources */,
				CCFF4B441D7E937C00FD73A4 /* AppDelegate.swift in Sources */,
			);
			runOnlyForDeploymentPostprocessing = 0;
		};
/* End PBXSourcesBuildPhase section */

/* Begin PBXVariantGroup section */
		CCFF4B471D7E937C00FD73A4 /* Main.storyboard */ = {
			isa = PBXVariantGroup;
			children = (
				CCFF4B481D7E937C00FD73A4 /* Base */,
			);
			name = Main.storyboard;
			sourceTree = "<group>";
		};
		CCFF4B4C1D7E937C00FD73A4 /* LaunchScreen.storyboard */ = {
			isa = PBXVariantGroup;
			children = (
				CCFF4B4D1D7E937C00FD73A4 /* Base */,
			);
			name = LaunchScreen.storyboard;
			sourceTree = "<group>";
		};
/* End PBXVariantGroup section */

/* Begin XCBuildConfiguration section */
		CCFF4B501D7E937C00FD73A4 /* Debug */ = {
			isa = XCBuildConfiguration;
			buildSettings = {
				ALWAYS_SEARCH_USER_PATHS = NO;
				CLANG_ANALYZER_NONNULL = YES;
				CLANG_CXX_LANGUAGE_STANDARD = "gnu++0x";
				CLANG_CXX_LIBRARY = "libc++";
				CLANG_ENABLE_MODULES = YES;
				CLANG_ENABLE_OBJC_ARC = YES;
				CLANG_WARN_BOOL_CONVERSION = YES;
				CLANG_WARN_CONSTANT_CONVERSION = YES;
				CLANG_WARN_DIRECT_OBJC_ISA_USAGE = YES_ERROR;
				CLANG_WARN_EMPTY_BODY = YES;
				CLANG_WARN_ENUM_CONVERSION = YES;
				CLANG_WARN_INT_CONVERSION = YES;
				CLANG_WARN_OBJC_ROOT_CLASS = YES_ERROR;
				CLANG_WARN_UNREACHABLE_CODE = YES;
				CLANG_WARN__DUPLICATE_METHOD_MATCH = YES;
				"CODE_SIGN_IDENTITY[sdk=iphoneos*]" = "iPhone Developer";
				COPY_PHASE_STRIP = NO;
				DEBUG_INFORMATION_FORMAT = dwarf;
				ENABLE_STRICT_OBJC_MSGSEND = YES;
				ENABLE_TESTABILITY = YES;
				GCC_C_LANGUAGE_STANDARD = gnu99;
				GCC_DYNAMIC_NO_PIC = NO;
				GCC_NO_COMMON_BLOCKS = YES;
				GCC_OPTIMIZATION_LEVEL = 0;
				GCC_PREPROCESSOR_DEFINITIONS = (
					"DEBUG=1",
					"$(inherited)",
				);
				GCC_WARN_64_TO_32_BIT_CONVERSION = YES;
				GCC_WARN_ABOUT_RETURN_TYPE = YES_ERROR;
				GCC_WARN_UNDECLARED_SELECTOR = YES;
				GCC_WARN_UNINITIALIZED_AUTOS = YES_AGGRESSIVE;
				GCC_WARN_UNUSED_FUNCTION = YES;
				GCC_WARN_UNUSED_VARIABLE = YES;
				IPHONEOS_DEPLOYMENT_TARGET = 9.3;
				MTL_ENABLE_DEBUG_INFO = YES;
				ONLY_ACTIVE_ARCH = YES;
				SDKROOT = iphoneos;
				SWIFT_OPTIMIZATION_LEVEL = "-Onone";
				TARGETED_DEVICE_FAMILY = "1,2";
			};
			name = Debug;
		};
		CCFF4B511D7E937C00FD73A4 /* Release */ = {
			isa = XCBuildConfiguration;
			buildSettings = {
				ALWAYS_SEARCH_USER_PATHS = NO;
				CLANG_ANALYZER_NONNULL = YES;
				CLANG_CXX_LANGUAGE_STANDARD = "gnu++0x";
				CLANG_CXX_LIBRARY = "libc++";
				CLANG_ENABLE_MODULES = YES;
				CLANG_ENABLE_OBJC_ARC = YES;
				CLANG_WARN_BOOL_CONVERSION = YES;
				CLANG_WARN_CONSTANT_CONVERSION = YES;
				CLANG_WARN_DIRECT_OBJC_ISA_USAGE = YES_ERROR;
				CLANG_WARN_EMPTY_BODY = YES;
				CLANG_WARN_ENUM_CONVERSION = YES;
				CLANG_WARN_INT_CONVERSION = YES;
				CLANG_WARN_OBJC_ROOT_CLASS = YES_ERROR;
				CLANG_WARN_UNREACHABLE_CODE = YES;
				CLANG_WARN__DUPLICATE_METHOD_MATCH = YES;
				"CODE_SIGN_IDENTITY[sdk=iphoneos*]" = "iPhone Developer";
				COPY_PHASE_STRIP = NO;
				DEBUG_INFORMATION_FORMAT = "dwarf-with-dsym";
				ENABLE_NS_ASSERTIONS = NO;
				ENABLE_STRICT_OBJC_MSGSEND = YES;
				GCC_C_LANGUAGE_STANDARD = gnu99;
				GCC_NO_COMMON_BLOCKS = YES;
				GCC_WARN_64_TO_32_BIT_CONVERSION = YES;
				GCC_WARN_ABOUT_RETURN_TYPE = YES_ERROR;
				GCC_WARN_UNDECLARED_SELECTOR = YES;
				GCC_WARN_UNINITIALIZED_AUTOS = YES_AGGRESSIVE;
				GCC_WARN_UNUSED_FUNCTION = YES;
				GCC_WARN_UNUSED_VARIABLE = YES;
				IPHONEOS_DEPLOYMENT_TARGET = 9.3;
				MTL_ENABLE_DEBUG_INFO = NO;
				SDKROOT = iphoneos;
				TARGETED_DEVICE_FAMILY = "1,2";
				VALIDATE_PRODUCT = YES;
			};
			name = Release;
		};
		CCFF4B531D7E937C00FD73A4 /* Debug */ = {
			isa = XCBuildConfiguration;
			buildSettings = {
				ASSETCATALOG_COMPILER_APPICON_NAME = AppIcon;
				INFOPLIST_FILE = "HandOff-iOS-macOS/Info.plist";
				LD_RUNPATH_SEARCH_PATHS = "$(inherited) @executable_path/Frameworks";
				PRODUCT_BUNDLE_IDENTIFIER = "cn.edu.neu.wangshijie.HandOff-iOS-macOS";
				PRODUCT_NAME = "$(TARGET_NAME)";
			};
			name = Debug;
		};
		CCFF4B541D7E937C00FD73A4 /* Release */ = {
			isa = XCBuildConfiguration;
			buildSettings = {
				ASSETCATALOG_COMPILER_APPICON_NAME = AppIcon;
				INFOPLIST_FILE = "HandOff-iOS-macOS/Info.plist";
				LD_RUNPATH_SEARCH_PATHS = "$(inherited) @executable_path/Frameworks";
				PRODUCT_BUNDLE_IDENTIFIER = "cn.edu.neu.wangshijie.HandOff-iOS-macOS";
				PRODUCT_NAME = "$(TARGET_NAME)";
			};
			name = Release;
		};
/* End XCBuildConfiguration section */

/* Begin XCConfigurationList section */
		CCFF4B3B1D7E937C00FD73A4 /* Build configuration list for PBXProject "HandOff-iOS-macOS" */ = {
			isa = XCConfigurationList;
			buildConfigurations = (
				CCFF4B501D7E937C00FD73A4 /* Debug */,
				CCFF4B511D7E937C00FD73A4 /* Release */,
			);
			defaultConfigurationIsVisible = 0;
			defaultConfigurationName = Release;
		};
		CCFF4B521D7E937C00FD73A4 /* Build configuration list for PBXNativeTarget "HandOff-iOS-macOS" */ = {
			isa = XCConfigurationList;
			buildConfigurations = (
				CCFF4B531D7E937C00FD73A4 /* Debug */,
				CCFF4B541D7E937C00FD73A4 /* Release */,
			);
			defaultConfigurationIsVisible = 0;
		};
/* End XCConfigurationList section */
	};
	rootObject = CCFF4B381D7E937C00FD73A4 /* Project object */;
}
