// !$*UTF8*$!
{
	archiveVersion = 1;
	classes = {
	};
	objectVersion = 46;
	objects = {

/* Begin PBXBuildFile section */
		CC7F58E91D01742F0060B359 /* AppDelegate.swift in Sources */ = {isa = PBXBuildFile; fileRef = CC7F58E81D01742F0060B359 /* AppDelegate.swift */; };
		CC7F58EB1D01742F0060B359 /* ViewController.swift in Sources */ = {isa = PBXBuildFile; fileRef = CC7F58EA1D01742F0060B359 /* ViewController.swift */; };
		CC7F58EE1D01742F0060B359 /* Main.storyboard in Resources */ = {isa = PBXBuildFile; fileRef = CC7F58EC1D01742F0060B359 /* Main.storyboard */; };
		CC7F58F01D01742F0060B359 /* Assets.xcassets in Resources */ = {isa = PBXBuildFile; fileRef = CC7F58EF1D01742F0060B359 /* Assets.xcassets */; };
		CC7F58F31D01742F0060B359 /* LaunchScreen.storyboard in Resources */ = {isa = PBXBuildFile; fileRef = CC7F58F11D01742F0060B359 /* LaunchScreen.storyboard */; };
		CC7F58FC1D0174B00060B359 /* Model.xcdatamodeld in Sources */ = {isa = PBXBuildFile; fileRef = CC7F58FA1D0174B00060B359 /* Model.xcdatamodeld */; };
		CC7F58FF1D0176200060B359 /* CoreDataStack.swift in Sources */ = {isa = PBXBuildFile; fileRef = CC7F58FE1D0176200060B359 /* CoreDataStack.swift */; };
		CC7F59011D017A430060B359 /* NoteTableViewCell.swift in Sources */ = {isa = PBXBuildFile; fileRef = CC7F59001D017A430060B359 /* NoteTableViewCell.swift */; };
/* End PBXBuildFile section */

/* Begin PBXFileReference section */
		CC7F58E51D01742F0060B359 /* UncloudNote.app */ = {isa = PBXFileReference; explicitFileType = wrapper.application; includeInIndex = 0; path = UncloudNote.app; sourceTree = BUILT_PRODUCTS_DIR; };
		CC7F58E81D01742F0060B359 /* AppDelegate.swift */ = {isa = PBXFileReference; lastKnownFileType = sourcecode.swift; path = AppDelegate.swift; sourceTree = "<group>"; };
		CC7F58EA1D01742F0060B359 /* ViewController.swift */ = {isa = PBXFileReference; lastKnownFileType = sourcecode.swift; path = ViewController.swift; sourceTree = "<group>"; };
		CC7F58ED1D01742F0060B359 /* Base */ = {isa = PBXFileReference; lastKnownFileType = file.storyboard; name = Base; path = Base.lproj/Main.storyboard; sourceTree = "<group>"; };
		CC7F58EF1D01742F0060B359 /* Assets.xcassets */ = {isa = PBXFileReference; lastKnownFileType = folder.assetcatalog; path = Assets.xcassets; sourceTree = "<group>"; };
		CC7F58F21D01742F0060B359 /* Base */ = {isa = PBXFileReference; lastKnownFileType = file.storyboard; name = Base; path = Base.lproj/LaunchScreen.storyboard; sourceTree = "<group>"; };
		CC7F58F41D01742F0060B359 /* Info.plist */ = {isa = PBXFileReference; lastKnownFileType = text.plist.xml; path = Info.plist; sourceTree = "<group>"; };
		CC7F58FB1D0174B00060B359 /* Model.xcdatamodel */ = {isa = PBXFileReference; lastKnownFileType = wrapper.xcdatamodel; path = Model.xcdatamodel; sourceTree = "<group>"; };
		CC7F58FD1D0175280060B359 /* Model 2.xcdatamodel */ = {isa = PBXFileReference; lastKnownFileType = wrapper.xcdatamodel; path = "Model 2.xcdatamodel"; sourceTree = "<group>"; };
		CC7F58FE1D0176200060B359 /* CoreDataStack.swift */ = {isa = PBXFileReference; fileEncoding = 4; lastKnownFileType = sourcecode.swift; path = CoreDataStack.swift; sourceTree = "<group>"; };
		CC7F59001D017A430060B359 /* NoteTableViewCell.swift */ = {isa = PBXFileReference; fileEncoding = 4; lastKnownFileType = sourcecode.swift; path = NoteTableViewCell.swift; sourceTree = "<group>"; };
/* End PBXFileReference section */

/* Begin PBXFrameworksBuildPhase section */
		CC7F58E21D01742F0060B359 /* Frameworks */ = {
			isa = PBXFrameworksBuildPhase;
			buildActionMask = 2147483647;
			files = (
			);
			runOnlyForDeploymentPostprocessing = 0;
		};
/* End PBXFrameworksBuildPhase section */

/* Begin PBXGroup section */
		CC7F58DC1D01742F0060B359 = {
			isa = PBXGroup;
			children = (
				CC7F58E71D01742F0060B359 /* UncloudNote */,
				CC7F58E61D01742F0060B359 /* Products */,
			);
			sourceTree = "<group>";
		};
		CC7F58E61D01742F0060B359 /* Products */ = {
			isa = PBXGroup;
			children = (
				CC7F58E51D01742F0060B359 /* UncloudNote.app */,
			);
			name = Products;
			sourceTree = "<group>";
		};
		CC7F58E71D01742F0060B359 /* UncloudNote */ = {
			isa = PBXGroup;
			children = (
				CC7F58E81D01742F0060B359 /* AppDelegate.swift */,
				CC7F58EA1D01742F0060B359 /* ViewController.swift */,
				CC7F58EC1D01742F0060B359 /* Main.storyboard */,
				CC7F58FA1D0174B00060B359 /* Model.xcdatamodeld */,
				CC7F58FE1D0176200060B359 /* CoreDataStack.swift */,
				CC7F59001D017A430060B359 /* NoteTableViewCell.swift */,
				CC7F58EF1D01742F0060B359 /* Assets.xcassets */,
				CC7F58F11D01742F0060B359 /* LaunchScreen.storyboard */,
				CC7F58F41D01742F0060B359 /* Info.plist */,
			);
			path = UncloudNote;
			sourceTree = "<group>";
		};
/* End PBXGroup section */

/* Begin PBXNativeTarget section */
		CC7F58E41D01742F0060B359 /* UncloudNote */ = {
			isa = PBXNativeTarget;
			buildConfigurationList = CC7F58F71D01742F0060B359 /* Build configuration list for PBXNativeTarget "UncloudNote" */;
			buildPhases = (
				CC7F58E11D01742F0060B359 /* Sources */,
				CC7F58E21D01742F0060B359 /* Frameworks */,
				CC7F58E31D01742F0060B359 /* Resources */,
			);
			buildRules = (
			);
			dependencies = (
			);
			name = UncloudNote;
			productName = UncloudNote;
			productReference = CC7F58E51D01742F0060B359 /* UncloudNote.app */;
			productType = "com.apple.product-type.application";
		};
/* End PBXNativeTarget section */

/* Begin PBXProject section */
		CC7F58DD1D01742F0060B359 /* Project object */ = {
			isa = PBXProject;
			attributes = {
				LastSwiftUpdateCheck = 0730;
				LastUpgradeCheck = 0730;
				ORGANIZATIONNAME = "王仕杰";
				TargetAttributes = {
					CC7F58E41D01742F0060B359 = {
						CreatedOnToolsVersion = 7.3.1;
						DevelopmentTeam = J84HL5BDK2;
					};
				};
			};
			buildConfigurationList = CC7F58E01D01742F0060B359 /* Build configuration list for PBXProject "UncloudNote" */;
			compatibilityVersion = "Xcode 3.2";
			developmentRegion = English;
			hasScannedForEncodings = 0;
			knownRegions = (
				en,
				Base,
			);
			mainGroup = CC7F58DC1D01742F0060B359;
			productRefGroup = CC7F58E61D01742F0060B359 /* Products */;
			projectDirPath = "";
			projectRoot = "";
			targets = (
				CC7F58E41D01742F0060B359 /* UncloudNote */,
			);
		};
/* End PBXProject section */

/* Begin PBXResourcesBuildPhase section */
		CC7F58E31D01742F0060B359 /* Resources */ = {
			isa = PBXResourcesBuildPhase;
			buildActionMask = 2147483647;
			files = (
				CC7F58F31D01742F0060B359 /* LaunchScreen.storyboard in Resources */,
				CC7F58F01D01742F0060B359 /* Assets.xcassets in Resources */,
				CC7F58EE1D01742F0060B359 /* Main.storyboard in Resources */,
			);
			runOnlyForDeploymentPostprocessing = 0;
		};
/* End PBXResourcesBuildPhase section */

/* Begin PBXSourcesBuildPhase section */
		CC7F58E11D01742F0060B359 /* Sources */ = {
			isa = PBXSourcesBuildPhase;
			buildActionMask = 2147483647;
			files = (
				CC7F58EB1D01742F0060B359 /* ViewController.swift in Sources */,
				CC7F58E91D01742F0060B359 /* AppDelegate.swift in Sources */,
				CC7F58FC1D0174B00060B359 /* Model.xcdatamodeld in Sources */,
				CC7F59011D017A430060B359 /* NoteTableViewCell.swift in Sources */,
				CC7F58FF1D0176200060B359 /* CoreDataStack.swift in Sources */,
			);
			runOnlyForDeploymentPostprocessing = 0;
		};
/* End PBXSourcesBuildPhase section */

/* Begin PBXVariantGroup section */
		CC7F58EC1D01742F0060B359 /* Main.storyboard */ = {
			isa = PBXVariantGroup;
			children = (
				CC7F58ED1D01742F0060B359 /* Base */,
			);
			name = Main.storyboard;
			sourceTree = "<group>";
		};
		CC7F58F11D01742F0060B359 /* LaunchScreen.storyboard */ = {
			isa = PBXVariantGroup;
			children = (
				CC7F58F21D01742F0060B359 /* Base */,
			);
			name = LaunchScreen.storyboard;
			sourceTree = "<group>";
		};
/* End PBXVariantGroup section */

/* Begin XCBuildConfiguration section */
		CC7F58F51D01742F0060B359 /* Debug */ = {
			isa = XCBuildConfiguration;
			buildSettings = {
				ALWAYS_SEARCH_USER_PATHS = NO;
				CLANG_ANALYZER_NONNULL = YES;
				CLANG_CXX_LANGUAGE_STANDARD = "gnu++0x";
				CLANG_CXX_LIBRARY = "libc++";
				CLANG_ENABLE_MODULES = YES;
				CLANG_ENABLE_OBJC_ARC = YES;
				CLANG_WARN_BOOL_CONVERSION = YES;
				CLANG_WARN_CONSTANT_CONVERSION = YES;
				CLANG_WARN_DIRECT_OBJC_ISA_USAGE = YES_ERROR;
				CLANG_WARN_EMPTY_BODY = YES;
				CLANG_WARN_ENUM_CONVERSION = YES;
				CLANG_WARN_INT_CONVERSION = YES;
				CLANG_WARN_OBJC_ROOT_CLASS = YES_ERROR;
				CLANG_WARN_UNREACHABLE_CODE = YES;
				CLANG_WARN__DUPLICATE_METHOD_MATCH = YES;
				"CODE_SIGN_IDENTITY[sdk=iphoneos*]" = "iPhone Developer";
				COPY_PHASE_STRIP = NO;
				DEBUG_INFORMATION_FORMAT = dwarf;
				ENABLE_STRICT_OBJC_MSGSEND = YES;
				ENABLE_TESTABILITY = YES;
				GCC_C_LANGUAGE_STANDARD = gnu99;
				GCC_DYNAMIC_NO_PIC = NO;
				GCC_NO_COMMON_BLOCKS = YES;
				GCC_OPTIMIZATION_LEVEL = 0;
				GCC_PREPROCESSOR_DEFINITIONS = (
					"DEBUG=1",
					"$(inherited)",
				);
				GCC_WARN_64_TO_32_BIT_CONVERSION = YES;
				GCC_WARN_ABOUT_RETURN_TYPE = YES_ERROR;
				GCC_WARN_UNDECLARED_SELECTOR = YES;
				GCC_WARN_UNINITIALIZED_AUTOS = YES_AGGRESSIVE;
				GCC_WARN_UNUSED_FUNCTION = YES;
				GCC_WARN_UNUSED_VARIABLE = YES;
				IPHONEOS_DEPLOYMENT_TARGET = 9.3;
				MTL_ENABLE_DEBUG_INFO = YES;
				ONLY_ACTIVE_ARCH = YES;
				SDKROOT = iphoneos;
				SWIFT_OPTIMIZATION_LEVEL = "-Onone";
				TARGETED_DEVICE_FAMILY = "1,2";
			};
			name = Debug;
		};
		CC7F58F61D01742F0060B359 /* Release */ = {
			isa = XCBuildConfiguration;
			buildSettings = {
				ALWAYS_SEARCH_USER_PATHS = NO;
				CLANG_ANALYZER_NONNULL = YES;
				CLANG_CXX_LANGUAGE_STANDARD = "gnu++0x";
				CLANG_CXX_LIBRARY = "libc++";
				CLANG_ENABLE_MODULES = YES;
				CLANG_ENABLE_OBJC_ARC = YES;
				CLANG_WARN_BOOL_CONVERSION = YES;
				CLANG_WARN_CONSTANT_CONVERSION = YES;
				CLANG_WARN_DIRECT_OBJC_ISA_USAGE = YES_ERROR;
				CLANG_WARN_EMPTY_BODY = YES;
				CLANG_WARN_ENUM_CONVERSION = YES;
				CLANG_WARN_INT_CONVERSION = YES;
				CLANG_WARN_OBJC_ROOT_CLASS = YES_ERROR;
				CLANG_WARN_UNREACHABLE_CODE = YES;
				CLANG_WARN__DUPLICATE_METHOD_MATCH = YES;
				"CODE_SIGN_IDENTITY[sdk=iphoneos*]" = "iPhone Developer";
				COPY_PHASE_STRIP = NO;
				DEBUG_INFORMATION_FORMAT = "dwarf-with-dsym";
				ENABLE_NS_ASSERTIONS = NO;
				ENABLE_STRICT_OBJC_MSGSEND = YES;
				GCC_C_LANGUAGE_STANDARD = gnu99;
				GCC_NO_COMMON_BLOCKS = YES;
				GCC_WARN_64_TO_32_BIT_CONVERSION = YES;
				GCC_WARN_ABOUT_RETURN_TYPE = YES_ERROR;
				GCC_WARN_UNDECLARED_SELECTOR = YES;
				GCC_WARN_UNINITIALIZED_AUTOS = YES_AGGRESSIVE;
				GCC_WARN_UNUSED_FUNCTION = YES;
				GCC_WARN_UNUSED_VARIABLE = YES;
				IPHONEOS_DEPLOYMENT_TARGET = 9.3;
				MTL_ENABLE_DEBUG_INFO = NO;
				SDKROOT = iphoneos;
				TARGETED_DEVICE_FAMILY = "1,2";
				VALIDATE_PRODUCT = YES;
			};
			name = Release;
		};
		CC7F58F81D01742F0060B359 /* Debug */ = {
			isa = XCBuildConfiguration;
			buildSettings = {
				ASSETCATALOG_COMPILER_APPICON_NAME = AppIcon;
				INFOPLIST_FILE = UncloudNote/Info.plist;
				LD_RUNPATH_SEARCH_PATHS = "$(inherited) @executable_path/Frameworks";
				PRODUCT_BUNDLE_IDENTIFIER = cn.edu.neu.wangshijie.UncloudNote;
				PRODUCT_NAME = "$(TARGET_NAME)";
			};
			name = Debug;
		};
		CC7F58F91D01742F0060B359 /* Release */ = {
			isa = XCBuildConfiguration;
			buildSettings = {
				ASSETCATALOG_COMPILER_APPICON_NAME = AppIcon;
				INFOPLIST_FILE = UncloudNote/Info.plist;
				LD_RUNPATH_SEARCH_PATHS = "$(inherited) @executable_path/Frameworks";
				PRODUCT_BUNDLE_IDENTIFIER = cn.edu.neu.wangshijie.UncloudNote;
				PRODUCT_NAME = "$(TARGET_NAME)";
			};
			name = Release;
		};
/* End XCBuildConfiguration section */

/* Begin XCConfigurationList section */
		CC7F58E01D01742F0060B359 /* Build configuration list for PBXProject "UncloudNote" */ = {
			isa = XCConfigurationList;
			buildConfigurations = (
				CC7F58F51D01742F0060B359 /* Debug */,
				CC7F58F61D01742F0060B359 /* Release */,
			);
			defaultConfigurationIsVisible = 0;
			defaultConfigurationName = Release;
		};
		CC7F58F71D01742F0060B359 /* Build configuration list for PBXNativeTarget "UncloudNote" */ = {
			isa = XCConfigurationList;
			buildConfigurations = (
				CC7F58F81D01742F0060B359 /* Debug */,
				CC7F58F91D01742F0060B359 /* Release */,
			);
			defaultConfigurationIsVisible = 0;
		};
/* End XCConfigurationList section */

/* Begin XCVersionGroup section */
		CC7F58FA1D0174B00060B359 /* Model.xcdatamodeld */ = {
			isa = XCVersionGroup;
			children = (
				CC7F58FD1D0175280060B359 /* Model 2.xcdatamodel */,
				CC7F58FB1D0174B00060B359 /* Model.xcdatamodel */,
			);
			currentVersion = CC7F58FD1D0175280060B359 /* Model 2.xcdatamodel */;
			path = Model.xcdatamodeld;
			sourceTree = "<group>";
			versionGroupType = wrapper.xcdatamodel;
		};
/* End XCVersionGroup section */
	};
	rootObject = CC7F58DD1D01742F0060B359 /* Project object */;
}
